Microsoft Visual Studio Solution File, Format Version 12.00
# Visual Studio Version 17
VisualStudioVersion = 17.5.2.0
MinimumVisualStudioVersion = 10.0.40219.1
Project("{FAE04EC0-301F-11D3-BF4B-00C04F79EFBC}") = "CsvImporterApi", "CsvImporterApi\CsvImporterApi.csproj", "{211B360E-6CFF-2C97-076C-5FEFC345DD03}"
EndProject
Global
	GlobalSection(SolutionConfigurationPlatforms) = preSolution
		Debug|Any CPU = Debug|Any CPU
		Release|Any CPU = Release|Any CPU
	EndGlobalSection
	GlobalSection(ProjectConfigurationPlatforms) = postSolution
		{211B360E-6CFF-2C97-076C-5FEFC345DD03}.Debug|Any CPU.ActiveCfg = Debug|Any CPU
		{211B360E-6CFF-2C97-076C-5FEFC345DD03}.Debug|Any CPU.Build.0 = Debug|Any CPU
		{211B360E-6CFF-2C97-076C-5FEFC345DD03}.Release|Any CPU.ActiveCfg = Release|Any CPU
		{211B360E-6CFF-2C97-076C-5FEFC345DD03}.Release|Any CPU.Build.0 = Release|Any CPU
	EndGlobalSection
	GlobalSection(SolutionProperties) = preSolution
		HideSolutionNode = FALSE
	EndGlobalSection
	GlobalSection(ExtensibilityGlobals) = postSolution
		SolutionGuid = {E2870E03-F670-4DD1-B2FD-76290C3C68E6}
	EndGlobalSection
EndGlobal
